// !$*UTF8*$!
{
	archiveVersion = 1;
	classes = {
	};
	objectVersion = 55;
	objects = {

/* Begin PBXBuildFile section */
		6C7C1C592802F09A00658058 /* ContestYear.swift in Sources */ = {isa = PBXBuildFile; fileRef = 6C7C1C582802F09A00658058 /* ContestYear.swift */; };
		6C7C1C5C2802F14400658058 /* ContestList.swift in Sources */ = {isa = PBXBuildFile; fileRef = 6C7C1C5B2802F14400658058 /* ContestList.swift */; };
		6CAAB1C927F5EF7D003C963F /* WebKit.framework in Frameworks */ = {isa = PBXBuildFile; fileRef = 6CAAB1C827F5EF7D003C963F /* WebKit.framework */; };
		A61054E2E08DA02CF2FF8028 /* Pods_SCON_iOS.framework in Frameworks */ = {isa = PBXBuildFile; fileRef = 5EF6D4C9A2D2A9CD4AA36747 /* Pods_SCON_iOS.framework */; };
		FC56256A2801685700DF003A /* APIKit.swift in Sources */ = {isa = PBXBuildFile; fileRef = FC5625692801685700DF003A /* APIKit.swift */; };
		FC56257728016DC900DF003A /* ContestYear:id=0.json in Resources */ = {isa = PBXBuildFile; fileRef = FC56257428016DC800DF003A /* ContestYear:id=0.json */; };
		FC56257828016DC900DF003A /* ContestYear:id=2.json in Resources */ = {isa = PBXBuildFile; fileRef = FC56257528016DC900DF003A /* ContestYear:id=2.json */; };
		FC56257928016DC900DF003A /* ContestYear:id=1.json in Resources */ = {isa = PBXBuildFile; fileRef = FC56257628016DC900DF003A /* ContestYear:id=1.json */; };
		FC5625802801703100DF003A /* PrizeList:id=0,year=2021.json in Resources */ = {isa = PBXBuildFile; fileRef = FC56257D2801703100DF003A /* PrizeList:id=0,year=2021.json */; };
		FC5625812801703100DF003A /* PrizeList:id=0,year=2022.json in Resources */ = {isa = PBXBuildFile; fileRef = FC56257E2801703100DF003A /* PrizeList:id=0,year=2022.json */; };
		FC5625822801703100DF003A /* PrizeList:id=0,year=2019.json in Resources */ = {isa = PBXBuildFile; fileRef = FC56257F2801703100DF003A /* PrizeList:id=0,year=2019.json */; };
		FC5625892801707700DF003A /* PrizeList:id=1,year=2022.json in Resources */ = {isa = PBXBuildFile; fileRef = FC5625832801707700DF003A /* PrizeList:id=1,year=2022.json */; };
		FC56258A2801707700DF003A /* PrizeList:id=1,year=2019.json in Resources */ = {isa = PBXBuildFile; fileRef = FC5625842801707700DF003A /* PrizeList:id=1,year=2019.json */; };
		FC56258B2801707700DF003A /* PrizeList:id=2,year=2019.json in Resources */ = {isa = PBXBuildFile; fileRef = FC5625852801707700DF003A /* PrizeList:id=2,year=2019.json */; };
		FC56258C2801707700DF003A /* PrizeList:id=2,year=2021.json in Resources */ = {isa = PBXBuildFile; fileRef = FC5625862801707700DF003A /* PrizeList:id=2,year=2021.json */; };
		FC56258D2801707700DF003A /* PrizeList:id=2,year=2022.json in Resources */ = {isa = PBXBuildFile; fileRef = FC5625872801707700DF003A /* PrizeList:id=2,year=2022.json */; };
		FC56258E2801707700DF003A /* PrizeList:id=1,year=2021.json in Resources */ = {isa = PBXBuildFile; fileRef = FC5625882801707700DF003A /* PrizeList:id=1,year=2021.json */; };
		FCC2C92828015BBF0098B865 /* ContestData.swift in Sources */ = {isa = PBXBuildFile; fileRef = FCC2C8FE28015BBF0098B865 /* ContestData.swift */; };
		FCC2C92928015BBF0098B865 /* HomeViewController.swift in Sources */ = {isa = PBXBuildFile; fileRef = FCC2C8FF28015BBF0098B865 /* HomeViewController.swift */; };
		FCC2C92A28015BBF0098B865 /* Home.storyboard in Resources */ = {isa = PBXBuildFile; fileRef = FCC2C90028015BBF0098B865 /* Home.storyboard */; };
		FCC2C92B28015BBF0098B865 /* MainTableViewCell.swift in Sources */ = {isa = PBXBuildFile; fileRef = FCC2C90228015BBF0098B865 /* MainTableViewCell.swift */; };
		FCC2C92C28015BBF0098B865 /* Cate2021ViewController.swift in Sources */ = {isa = PBXBuildFile; fileRef = FCC2C90428015BBF0098B865 /* Cate2021ViewController.swift */; };
		FCC2C92D28015BBF0098B865 /* Cate2020ViewController.swift in Sources */ = {isa = PBXBuildFile; fileRef = FCC2C90528015BBF0098B865 /* Cate2020ViewController.swift */; };
		FCC2C92E28015BBF0098B865 /* Category.storyboard in Resources */ = {isa = PBXBuildFile; fileRef = FCC2C90628015BBF0098B865 /* Category.storyboard */; };
		FCC2C92F28015BBF0098B865 /* Cate2019ViewController.swift in Sources */ = {isa = PBXBuildFile; fileRef = FCC2C90728015BBF0098B865 /* Cate2019ViewController.swift */; };
		FCC2C93028015BBF0098B865 /* WorkCollectionViewCell.swift in Sources */ = {isa = PBXBuildFile; fileRef = FCC2C90928015BBF0098B865 /* WorkCollectionViewCell.swift */; };
		FCC2C93128015BBF0098B865 /* HeaderCollectionReusableView.swift in Sources */ = {isa = PBXBuildFile; fileRef = FCC2C90A28015BBF0098B865 /* HeaderCollectionReusableView.swift */; };
		FCC2C93228015BBF0098B865 /* CategoryViewController.swift in Sources */ = {isa = PBXBuildFile; fileRef = FCC2C90B28015BBF0098B865 /* CategoryViewController.swift */; };
		FCC2C93328015BBF0098B865 /* WebViewController.swift in Sources */ = {isa = PBXBuildFile; fileRef = FCC2C90D28015BBF0098B865 /* WebViewController.swift */; };
		FCC2C93428015BBF0098B865 /* WebViewController.xib in Resources */ = {isa = PBXBuildFile; fileRef = FCC2C90E28015BBF0098B865 /* WebViewController.xib */; };
		FCC2C93528015BBF0098B865 /* DetailData.swift in Sources */ = {isa = PBXBuildFile; fileRef = FCC2C91028015BBF0098B865 /* DetailData.swift */; };
		FCC2C93628015BBF0098B865 /* Detail.storyboard in Resources */ = {isa = PBXBuildFile; fileRef = FCC2C91128015BBF0098B865 /* Detail.storyboard */; };
		FCC2C93728015BBF0098B865 /* DetailViewController.swift in Sources */ = {isa = PBXBuildFile; fileRef = FCC2C91228015BBF0098B865 /* DetailViewController.swift */; };
		FCC2C93828015BBF0098B865 /* EmailLoginViewController.swift in Sources */ = {isa = PBXBuildFile; fileRef = FCC2C91428015BBF0098B865 /* EmailLoginViewController.swift */; };
		FCC2C93928015BBF0098B865 /* Login.storyboard in Resources */ = {isa = PBXBuildFile; fileRef = FCC2C91528015BBF0098B865 /* Login.storyboard */; };
		FCC2C93A28015BBF0098B865 /* LoginViewController.swift in Sources */ = {isa = PBXBuildFile; fileRef = FCC2C91628015BBF0098B865 /* LoginViewController.swift */; };
		FCC2C93B28015BBF0098B865 /* SceneDelegate.swift in Sources */ = {isa = PBXBuildFile; fileRef = FCC2C91728015BBF0098B865 /* SceneDelegate.swift */; };
		FCC2C93C28015BBF0098B865 /* Content.plist in Resources */ = {isa = PBXBuildFile; fileRef = FCC2C91928015BBF0098B865 /* Content.plist */; };
		FCC2C93D28015BBF0098B865 /* mainLottie.json in Resources */ = {isa = PBXBuildFile; fileRef = FCC2C91A28015BBF0098B865 /* mainLottie.json */; };
		FCC2C93E28015BBF0098B865 /* dummy.json in Resources */ = {isa = PBXBuildFile; fileRef = FCC2C91B28015BBF0098B865 /* dummy.json */; };
		FCC2C93F28015BBF0098B865 /* Assets.xcassets in Resources */ = {isa = PBXBuildFile; fileRef = FCC2C91C28015BBF0098B865 /* Assets.xcassets */; };
		FCC2C94028015BBF0098B865 /* GoogleService-Info.plist in Resources */ = {isa = PBXBuildFile; fileRef = FCC2C91D28015BBF0098B865 /* GoogleService-Info.plist */; };
		FCC2C94128015BBF0098B865 /* LaunchScreen.storyboard in Resources */ = {isa = PBXBuildFile; fileRef = FCC2C91E28015BBF0098B865 /* LaunchScreen.storyboard */; };
		FCC2C94228015BBF0098B865 /* teamInfo.json in Resources */ = {isa = PBXBuildFile; fileRef = FCC2C92128015BBF0098B865 /* teamInfo.json */; };
		FCC2C94328015BBF0098B865 /* ContestList.json in Resources */ = {isa = PBXBuildFile; fileRef = FCC2C92228015BBF0098B865 /* ContestList.json */; };
		FCC2C94428015BBF0098B865 /* infoDetail.json in Resources */ = {isa = PBXBuildFile; fileRef = FCC2C92328015BBF0098B865 /* infoDetail.json */; };
		FCC2C94628015BBF0098B865 /* Extenstion.swift in Sources */ = {isa = PBXBuildFile; fileRef = FCC2C92528015BBF0098B865 /* Extenstion.swift */; };
		FCC2C94828015BBF0098B865 /* AppDelegate.swift in Sources */ = {isa = PBXBuildFile; fileRef = FCC2C92728015BBF0098B865 /* AppDelegate.swift */; };
/* End PBXBuildFile section */

/* Begin PBXFileReference section */
		40627B008D498A279F1F88AE /* Pods-SCON_iOS.debug.xcconfig */ = {isa = PBXFileReference; includeInIndex = 1; lastKnownFileType = text.xcconfig; name = "Pods-SCON_iOS.debug.xcconfig"; path = "Target Support Files/Pods-SCON_iOS/Pods-SCON_iOS.debug.xcconfig"; sourceTree = "<group>"; };
		5EF6D4C9A2D2A9CD4AA36747 /* Pods_SCON_iOS.framework */ = {isa = PBXFileReference; explicitFileType = wrapper.framework; includeInIndex = 0; path = Pods_SCON_iOS.framework; sourceTree = BUILT_PRODUCTS_DIR; };
		6C143CD927E5A95700E833DE /* SCON_iOS.app */ = {isa = PBXFileReference; explicitFileType = wrapper.application; includeInIndex = 0; path = SCON_iOS.app; sourceTree = BUILT_PRODUCTS_DIR; };
		6C7C1C582802F09A00658058 /* ContestYear.swift */ = {isa = PBXFileReference; lastKnownFileType = sourcecode.swift; path = ContestYear.swift; sourceTree = "<group>"; };
		6C7C1C5B2802F14400658058 /* ContestList.swift */ = {isa = PBXFileReference; lastKnownFileType = sourcecode.swift; path = ContestList.swift; sourceTree = "<group>"; };
		6CAAB1C827F5EF7D003C963F /* WebKit.framework */ = {isa = PBXFileReference; lastKnownFileType = wrapper.framework; name = WebKit.framework; path = System/Library/Frameworks/WebKit.framework; sourceTree = SDKROOT; };
		7E49E59B0A8C5CC6826F98DD /* Pods-SCON_iOS.release.xcconfig */ = {isa = PBXFileReference; includeInIndex = 1; lastKnownFileType = text.xcconfig; name = "Pods-SCON_iOS.release.xcconfig"; path = "Target Support Files/Pods-SCON_iOS/Pods-SCON_iOS.release.xcconfig"; sourceTree = "<group>"; };
		FC5625692801685700DF003A /* APIKit.swift */ = {isa = PBXFileReference; lastKnownFileType = sourcecode.swift; path = APIKit.swift; sourceTree = "<group>"; };
		FC56257428016DC800DF003A /* ContestYear:id=0.json */ = {isa = PBXFileReference; fileEncoding = 4; lastKnownFileType = text.json; path = "ContestYear:id=0.json"; sourceTree = "<group>"; };
		FC56257528016DC900DF003A /* ContestYear:id=2.json */ = {isa = PBXFileReference; fileEncoding = 4; lastKnownFileType = text.json; path = "ContestYear:id=2.json"; sourceTree = "<group>"; };
		FC56257628016DC900DF003A /* ContestYear:id=1.json */ = {isa = PBXFileReference; fileEncoding = 4; lastKnownFileType = text.json; path = "ContestYear:id=1.json"; sourceTree = "<group>"; };
		FC56257D2801703100DF003A /* PrizeList:id=0,year=2021.json */ = {isa = PBXFileReference; fileEncoding = 4; lastKnownFileType = text.json; path = "PrizeList:id=0,year=2021.json"; sourceTree = "<group>"; };
		FC56257E2801703100DF003A /* PrizeList:id=0,year=2022.json */ = {isa = PBXFileReference; fileEncoding = 4; lastKnownFileType = text.json; path = "PrizeList:id=0,year=2022.json"; sourceTree = "<group>"; };
		FC56257F2801703100DF003A /* PrizeList:id=0,year=2019.json */ = {isa = PBXFileReference; fileEncoding = 4; lastKnownFileType = text.json; path = "PrizeList:id=0,year=2019.json"; sourceTree = "<group>"; };
		FC5625832801707700DF003A /* PrizeList:id=1,year=2022.json */ = {isa = PBXFileReference; fileEncoding = 4; lastKnownFileType = text.json; path = "PrizeList:id=1,year=2022.json"; sourceTree = "<group>"; };
		FC5625842801707700DF003A /* PrizeList:id=1,year=2019.json */ = {isa = PBXFileReference; fileEncoding = 4; lastKnownFileType = text.json; path = "PrizeList:id=1,year=2019.json"; sourceTree = "<group>"; };
		FC5625852801707700DF003A /* PrizeList:id=2,year=2019.json */ = {isa = PBXFileReference; fileEncoding = 4; lastKnownFileType = text.json; path = "PrizeList:id=2,year=2019.json"; sourceTree = "<group>"; };
		FC5625862801707700DF003A /* PrizeList:id=2,year=2021.json */ = {isa = PBXFileReference; fileEncoding = 4; lastKnownFileType = text.json; path = "PrizeList:id=2,year=2021.json"; sourceTree = "<group>"; };
		FC5625872801707700DF003A /* PrizeList:id=2,year=2022.json */ = {isa = PBXFileReference; fileEncoding = 4; lastKnownFileType = text.json; path = "PrizeList:id=2,year=2022.json"; sourceTree = "<group>"; };
		FC5625882801707700DF003A /* PrizeList:id=1,year=2021.json */ = {isa = PBXFileReference; fileEncoding = 4; lastKnownFileType = text.json; path = "PrizeList:id=1,year=2021.json"; sourceTree = "<group>"; };
		FCC2C8FE28015BBF0098B865 /* ContestData.swift */ = {isa = PBXFileReference; fileEncoding = 4; lastKnownFileType = sourcecode.swift; path = ContestData.swift; sourceTree = "<group>"; };
		FCC2C8FF28015BBF0098B865 /* HomeViewController.swift */ = {isa = PBXFileReference; fileEncoding = 4; lastKnownFileType = sourcecode.swift; path = HomeViewController.swift; sourceTree = "<group>"; };
		FCC2C90128015BBF0098B865 /* Base */ = {isa = PBXFileReference; lastKnownFileType = file.storyboard; name = Base; path = Base.lproj/Home.storyboard; sourceTree = "<group>"; };
		FCC2C90228015BBF0098B865 /* MainTableViewCell.swift */ = {isa = PBXFileReference; fileEncoding = 4; lastKnownFileType = sourcecode.swift; path = MainTableViewCell.swift; sourceTree = "<group>"; };
		FCC2C90428015BBF0098B865 /* Cate2021ViewController.swift */ = {isa = PBXFileReference; fileEncoding = 4; lastKnownFileType = sourcecode.swift; path = Cate2021ViewController.swift; sourceTree = "<group>"; };
		FCC2C90528015BBF0098B865 /* Cate2020ViewController.swift */ = {isa = PBXFileReference; fileEncoding = 4; lastKnownFileType = sourcecode.swift; path = Cate2020ViewController.swift; sourceTree = "<group>"; };
		FCC2C90628015BBF0098B865 /* Category.storyboard */ = {isa = PBXFileReference; fileEncoding = 4; lastKnownFileType = file.storyboard; path = Category.storyboard; sourceTree = "<group>"; };
		FCC2C90728015BBF0098B865 /* Cate2019ViewController.swift */ = {isa = PBXFileReference; fileEncoding = 4; lastKnownFileType = sourcecode.swift; path = Cate2019ViewController.swift; sourceTree = "<group>"; };
		FCC2C90928015BBF0098B865 /* WorkCollectionViewCell.swift */ = {isa = PBXFileReference; fileEncoding = 4; lastKnownFileType = sourcecode.swift; path = WorkCollectionViewCell.swift; sourceTree = "<group>"; };
		FCC2C90A28015BBF0098B865 /* HeaderCollectionReusableView.swift */ = {isa = PBXFileReference; fileEncoding = 4; lastKnownFileType = sourcecode.swift; path = HeaderCollectionReusableView.swift; sourceTree = "<group>"; };
		FCC2C90B28015BBF0098B865 /* CategoryViewController.swift */ = {isa = PBXFileReference; fileEncoding = 4; lastKnownFileType = sourcecode.swift; path = CategoryViewController.swift; sourceTree = "<group>"; };
		FCC2C90D28015BBF0098B865 /* WebViewController.swift */ = {isa = PBXFileReference; fileEncoding = 4; lastKnownFileType = sourcecode.swift; path = WebViewController.swift; sourceTree = "<group>"; };
		FCC2C90E28015BBF0098B865 /* WebViewController.xib */ = {isa = PBXFileReference; fileEncoding = 4; lastKnownFileType = file.xib; path = WebViewController.xib; sourceTree = "<group>"; };
		FCC2C91028015BBF0098B865 /* DetailData.swift */ = {isa = PBXFileReference; fileEncoding = 4; lastKnownFileType = sourcecode.swift; path = DetailData.swift; sourceTree = "<group>"; };
		FCC2C91128015BBF0098B865 /* Detail.storyboard */ = {isa = PBXFileReference; fileEncoding = 4; lastKnownFileType = file.storyboard; path = Detail.storyboard; sourceTree = "<group>"; };
		FCC2C91228015BBF0098B865 /* DetailViewController.swift */ = {isa = PBXFileReference; fileEncoding = 4; lastKnownFileType = sourcecode.swift; path = DetailViewController.swift; sourceTree = "<group>"; };
		FCC2C91428015BBF0098B865 /* EmailLoginViewController.swift */ = {isa = PBXFileReference; fileEncoding = 4; lastKnownFileType = sourcecode.swift; path = EmailLoginViewController.swift; sourceTree = "<group>"; };
		FCC2C91528015BBF0098B865 /* Login.storyboard */ = {isa = PBXFileReference; fileEncoding = 4; lastKnownFileType = file.storyboard; path = Login.storyboard; sourceTree = "<group>"; };
		FCC2C91628015BBF0098B865 /* LoginViewController.swift */ = {isa = PBXFileReference; fileEncoding = 4; lastKnownFileType = sourcecode.swift; path = LoginViewController.swift; sourceTree = "<group>"; };
		FCC2C91728015BBF0098B865 /* SceneDelegate.swift */ = {isa = PBXFileReference; fileEncoding = 4; lastKnownFileType = sourcecode.swift; path = SceneDelegate.swift; sourceTree = "<group>"; };
		FCC2C91928015BBF0098B865 /* Content.plist */ = {isa = PBXFileReference; fileEncoding = 4; lastKnownFileType = text.plist.xml; path = Content.plist; sourceTree = "<group>"; };
		FCC2C91A28015BBF0098B865 /* mainLottie.json */ = {isa = PBXFileReference; fileEncoding = 4; lastKnownFileType = text.json; path = mainLottie.json; sourceTree = "<group>"; };
		FCC2C91B28015BBF0098B865 /* dummy.json */ = {isa = PBXFileReference; fileEncoding = 4; lastKnownFileType = text.json; path = dummy.json; sourceTree = "<group>"; };
		FCC2C91C28015BBF0098B865 /* Assets.xcassets */ = {isa = PBXFileReference; lastKnownFileType = folder.assetcatalog; path = Assets.xcassets; sourceTree = "<group>"; };
		FCC2C91D28015BBF0098B865 /* GoogleService-Info.plist */ = {isa = PBXFileReference; fileEncoding = 4; lastKnownFileType = text.plist.xml; path = "GoogleService-Info.plist"; sourceTree = "<group>"; };
		FCC2C91F28015BBF0098B865 /* Base */ = {isa = PBXFileReference; lastKnownFileType = file.storyboard; name = Base; path = Base.lproj/LaunchScreen.storyboard; sourceTree = "<group>"; };
		FCC2C92128015BBF0098B865 /* teamInfo.json */ = {isa = PBXFileReference; fileEncoding = 4; lastKnownFileType = text.json; path = teamInfo.json; sourceTree = "<group>"; };
		FCC2C92228015BBF0098B865 /* ContestList.json */ = {isa = PBXFileReference; fileEncoding = 4; lastKnownFileType = text.json; path = ContestList.json; sourceTree = "<group>"; };
		FCC2C92328015BBF0098B865 /* infoDetail.json */ = {isa = PBXFileReference; fileEncoding = 4; lastKnownFileType = text.json; path = infoDetail.json; sourceTree = "<group>"; };
		FCC2C92528015BBF0098B865 /* Extenstion.swift */ = {isa = PBXFileReference; fileEncoding = 4; lastKnownFileType = sourcecode.swift; path = Extenstion.swift; sourceTree = "<group>"; };
		FCC2C92628015BBF0098B865 /* Info.plist */ = {isa = PBXFileReference; fileEncoding = 4; lastKnownFileType = text.plist.xml; path = Info.plist; sourceTree = "<group>"; };
		FCC2C92728015BBF0098B865 /* AppDelegate.swift */ = {isa = PBXFileReference; fileEncoding = 4; lastKnownFileType = sourcecode.swift; path = AppDelegate.swift; sourceTree = "<group>"; };
/* End PBXFileReference section */

/* Begin PBXFrameworksBuildPhase section */
		6C143CD627E5A95700E833DE /* Frameworks */ = {
			isa = PBXFrameworksBuildPhase;
			buildActionMask = 2147483647;
			files = (
				6CAAB1C927F5EF7D003C963F /* WebKit.framework in Frameworks */,
				A61054E2E08DA02CF2FF8028 /* Pods_SCON_iOS.framework in Frameworks */,
			);
			runOnlyForDeploymentPostprocessing = 0;
		};
/* End PBXFrameworksBuildPhase section */

/* Begin PBXGroup section */
		6C143CD027E5A95700E833DE = {
			isa = PBXGroup;
			children = (
				6C143CDB27E5A95700E833DE /* SCON_iOS */,
				6C143CDA27E5A95700E833DE /* Products */,
				81C384050BCE5EF0633AC165 /* Pods */,
				80B2D2758CCB5127EA3B6B9E /* Frameworks */,
			);
			sourceTree = "<group>";
		};
		6C143CDA27E5A95700E833DE /* Products */ = {
			isa = PBXGroup;
			children = (
				6C143CD927E5A95700E833DE /* SCON_iOS.app */,
			);
			name = Products;
			sourceTree = "<group>";
		};
		6C143CDB27E5A95700E833DE /* SCON_iOS */ = {
			isa = PBXGroup;
			children = (
				FCC2C92728015BBF0098B865 /* AppDelegate.swift */,
				FCC2C91728015BBF0098B865 /* SceneDelegate.swift */,
				FC5625672801683000DF003A /* Helper */,
				FCC2C8FC28015BBF0098B865 /* Module */,
				FCC2C91828015BBF0098B865 /* SupportFiles */,
			);
			path = SCON_iOS;
			sourceTree = "<group>";
		};
		6C7C1C5A2802F0AE00658058 /* StructData */ = {
			isa = PBXGroup;
			children = (
				6C7C1C582802F09A00658058 /* ContestYear.swift */,
				6C7C1C5B2802F14400658058 /* ContestList.swift */,
			);
			path = StructData;
			sourceTree = "<group>";
		};
		80B2D2758CCB5127EA3B6B9E /* Frameworks */ = {
			isa = PBXGroup;
			children = (
				6CAAB1C827F5EF7D003C963F /* WebKit.framework */,
				5EF6D4C9A2D2A9CD4AA36747 /* Pods_SCON_iOS.framework */,
			);
			name = Frameworks;
			sourceTree = "<group>";
		};
		81C384050BCE5EF0633AC165 /* Pods */ = {
			isa = PBXGroup;
			children = (
				40627B008D498A279F1F88AE /* Pods-SCON_iOS.debug.xcconfig */,
				7E49E59B0A8C5CC6826F98DD /* Pods-SCON_iOS.release.xcconfig */,
			);
			path = Pods;
			sourceTree = "<group>";
		};
		FC5625672801683000DF003A /* Helper */ = {
			isa = PBXGroup;
			children = (
				FC5625682801684800DF003A /* APIKIt */,
			);
			path = Helper;
			sourceTree = "<group>";
		};
		FC5625682801684800DF003A /* APIKIt */ = {
			isa = PBXGroup;
			children = (
				FC5625692801685700DF003A /* APIKit.swift */,
			);
			path = APIKIt;
			sourceTree = "<group>";
		};
		FC56256C28016C9600DF003A /* Contest */ = {
			isa = PBXGroup;
			children = (
				FC56257428016DC800DF003A /* ContestYear:id=0.json */,
				FC56257628016DC900DF003A /* ContestYear:id=1.json */,
				FC56257528016DC900DF003A /* ContestYear:id=2.json */,
				FCC2C92228015BBF0098B865 /* ContestList.json */,
			);
			path = Contest;
			sourceTree = "<group>";
		};
		FC56257A28016FB200DF003A /* Prize */ = {
			isa = PBXGroup;
			children = (
				FCC2C92128015BBF0098B865 /* teamInfo.json */,
				FC56257F2801703100DF003A /* PrizeList:id=0,year=2019.json */,
				FC56257D2801703100DF003A /* PrizeList:id=0,year=2021.json */,
				FC56257E2801703100DF003A /* PrizeList:id=0,year=2022.json */,
				FC5625842801707700DF003A /* PrizeList:id=1,year=2019.json */,
				FC5625882801707700DF003A /* PrizeList:id=1,year=2021.json */,
				FC5625832801707700DF003A /* PrizeList:id=1,year=2022.json */,
				FC5625852801707700DF003A /* PrizeList:id=2,year=2019.json */,
				FC5625862801707700DF003A /* PrizeList:id=2,year=2021.json */,
				FC5625872801707700DF003A /* PrizeList:id=2,year=2022.json */,
			);
			path = Prize;
			sourceTree = "<group>";
		};
		FC56258F2801708B00DF003A /* PrizeDetail */ = {
			isa = PBXGroup;
			children = (
				FCC2C92328015BBF0098B865 /* infoDetail.json */,
			);
			path = PrizeDetail;
			sourceTree = "<group>";
		};
		FCC2C8FC28015BBF0098B865 /* Module */ = {
			isa = PBXGroup;
			children = (
				6C7C1C5A2802F0AE00658058 /* StructData */,
				FCC2C8FD28015BBF0098B865 /* Home */,
				FCC2C90328015BBF0098B865 /* Category */,
				FCC2C90C28015BBF0098B865 /* Common */,
				FCC2C90F28015BBF0098B865 /* Detail */,
				FCC2C91328015BBF0098B865 /* Login */,
			);
			path = Module;
			sourceTree = "<group>";
		};
		FCC2C8FD28015BBF0098B865 /* Home */ = {
			isa = PBXGroup;
			children = (
				FCC2C8FE28015BBF0098B865 /* ContestData.swift */,
				FCC2C8FF28015BBF0098B865 /* HomeViewController.swift */,
				FCC2C90028015BBF0098B865 /* Home.storyboard */,
				FCC2C90228015BBF0098B865 /* MainTableViewCell.swift */,
			);
			path = Home;
			sourceTree = "<group>";
		};
		FCC2C90328015BBF0098B865 /* Category */ = {
			isa = PBXGroup;
			children = (
				FCC2C90428015BBF0098B865 /* Cate2021ViewController.swift */,
				FCC2C90528015BBF0098B865 /* Cate2020ViewController.swift */,
				FCC2C90628015BBF0098B865 /* Category.storyboard */,
				FCC2C90728015BBF0098B865 /* Cate2019ViewController.swift */,
				FCC2C90828015BBF0098B865 /* Cell */,
				FCC2C90B28015BBF0098B865 /* CategoryViewController.swift */,
			);
			path = Category;
			sourceTree = "<group>";
		};
		FCC2C90828015BBF0098B865 /* Cell */ = {
			isa = PBXGroup;
			children = (
				FCC2C90928015BBF0098B865 /* WorkCollectionViewCell.swift */,
				FCC2C90A28015BBF0098B865 /* HeaderCollectionReusableView.swift */,
			);
			path = Cell;
			sourceTree = "<group>";
		};
		FCC2C90C28015BBF0098B865 /* Common */ = {
			isa = PBXGroup;
			children = (
				FCC2C90D28015BBF0098B865 /* WebViewController.swift */,
				FCC2C90E28015BBF0098B865 /* WebViewController.xib */,
			);
			path = Common;
			sourceTree = "<group>";
		};
		FCC2C90F28015BBF0098B865 /* Detail */ = {
			isa = PBXGroup;
			children = (
				FCC2C91028015BBF0098B865 /* DetailData.swift */,
				FCC2C91128015BBF0098B865 /* Detail.storyboard */,
				FCC2C91228015BBF0098B865 /* DetailViewController.swift */,
			);
			path = Detail;
			sourceTree = "<group>";
		};
		FCC2C91328015BBF0098B865 /* Login */ = {
			isa = PBXGroup;
			children = (
				FCC2C91428015BBF0098B865 /* EmailLoginViewController.swift */,
				FCC2C91528015BBF0098B865 /* Login.storyboard */,
				FCC2C91628015BBF0098B865 /* LoginViewController.swift */,
			);
			path = Login;
			sourceTree = "<group>";
		};
		FCC2C91828015BBF0098B865 /* SupportFiles */ = {
			isa = PBXGroup;
			children = (
				FCC2C91928015BBF0098B865 /* Content.plist */,
				FCC2C91A28015BBF0098B865 /* mainLottie.json */,
				FCC2C91B28015BBF0098B865 /* dummy.json */,
				FCC2C91C28015BBF0098B865 /* Assets.xcassets */,
				FCC2C91D28015BBF0098B865 /* GoogleService-Info.plist */,
				FCC2C91E28015BBF0098B865 /* LaunchScreen.storyboard */,
				FCC2C92028015BBF0098B865 /* DatajsonFiles */,
				FCC2C92528015BBF0098B865 /* Extenstion.swift */,
				FCC2C92628015BBF0098B865 /* Info.plist */,
			);
			path = SupportFiles;
			sourceTree = "<group>";
		};
		FCC2C92028015BBF0098B865 /* DatajsonFiles */ = {
			isa = PBXGroup;
			children = (
				FC56258F2801708B00DF003A /* PrizeDetail */,
				FC56257A28016FB200DF003A /* Prize */,
				FC56256C28016C9600DF003A /* Contest */,
			);
			path = DatajsonFiles;
			sourceTree = "<group>";
		};
/* End PBXGroup section */

/* Begin PBXNativeTarget section */
		6C143CD827E5A95700E833DE /* SCON_iOS */ = {
			isa = PBXNativeTarget;
			buildConfigurationList = 6C143CED27E5A95900E833DE /* Build configuration list for PBXNativeTarget "SCON_iOS" */;
			buildPhases = (
				F71C705FFCD53E1A718860A4 /* [CP] Check Pods Manifest.lock */,
				6C143CD527E5A95700E833DE /* Sources */,
				6C143CD627E5A95700E833DE /* Frameworks */,
				6C143CD727E5A95700E833DE /* Resources */,
				67A6CDC7AACF264C744E1B8B /* [CP] Embed Pods Frameworks */,
			);
			buildRules = (
			);
			dependencies = (
			);
			name = SCON_iOS;
			productName = SCON_iOS;
			productReference = 6C143CD927E5A95700E833DE /* SCON_iOS.app */;
			productType = "com.apple.product-type.application";
		};
/* End PBXNativeTarget section */

/* Begin PBXProject section */
		6C143CD127E5A95700E833DE /* Project object */ = {
			isa = PBXProject;
			attributes = {
				BuildIndependentTargetsInParallel = 1;
				LastSwiftUpdateCheck = 1330;
				LastUpgradeCheck = 1330;
				TargetAttributes = {
					6C143CD827E5A95700E833DE = {
						CreatedOnToolsVersion = 13.3;
						LastSwiftMigration = 1320;
					};
				};
			};
			buildConfigurationList = 6C143CD427E5A95700E833DE /* Build configuration list for PBXProject "SCON_iOS" */;
			compatibilityVersion = "Xcode 13.0";
			developmentRegion = en;
			hasScannedForEncodings = 0;
			knownRegions = (
				en,
				Base,
			);
			mainGroup = 6C143CD027E5A95700E833DE;
			productRefGroup = 6C143CDA27E5A95700E833DE /* Products */;
			projectDirPath = "";
			projectRoot = "";
			targets = (
				6C143CD827E5A95700E833DE /* SCON_iOS */,
			);
		};
/* End PBXProject section */

/* Begin PBXResourcesBuildPhase section */
		6C143CD727E5A95700E833DE /* Resources */ = {
			isa = PBXResourcesBuildPhase;
			buildActionMask = 2147483647;
			files = (
				FC56257828016DC900DF003A /* ContestYear:id=2.json in Resources */,
				FC56257928016DC900DF003A /* ContestYear:id=1.json in Resources */,
				FCC2C94228015BBF0098B865 /* teamInfo.json in Resources */,
				FC5625892801707700DF003A /* PrizeList:id=1,year=2022.json in Resources */,
				FC56257728016DC900DF003A /* ContestYear:id=0.json in Resources */,
				FCC2C93428015BBF0098B865 /* WebViewController.xib in Resources */,
				FC5625812801703100DF003A /* PrizeList:id=0,year=2022.json in Resources */,
				FCC2C94328015BBF0098B865 /* ContestList.json in Resources */,
				FC56258C2801707700DF003A /* PrizeList:id=2,year=2021.json in Resources */,
				FC56258E2801707700DF003A /* PrizeList:id=1,year=2021.json in Resources */,
				FCC2C92E28015BBF0098B865 /* Category.storyboard in Resources */,
				FCC2C93D28015BBF0098B865 /* mainLottie.json in Resources */,
				FCC2C93C28015BBF0098B865 /* Content.plist in Resources */,
				FCC2C92A28015BBF0098B865 /* Home.storyboard in Resources */,
				FC56258A2801707700DF003A /* PrizeList:id=1,year=2019.json in Resources */,
				FCC2C93928015BBF0098B865 /* Login.storyboard in Resources */,
				FCC2C93E28015BBF0098B865 /* dummy.json in Resources */,
				FC5625822801703100DF003A /* PrizeList:id=0,year=2019.json in Resources */,
				FCC2C94028015BBF0098B865 /* GoogleService-Info.plist in Resources */,
				FCC2C93F28015BBF0098B865 /* Assets.xcassets in Resources */,
				FCC2C94128015BBF0098B865 /* LaunchScreen.storyboard in Resources */,
				FCC2C94428015BBF0098B865 /* infoDetail.json in Resources */,
				FC56258B2801707700DF003A /* PrizeList:id=2,year=2019.json in Resources */,
				FC56258D2801707700DF003A /* PrizeList:id=2,year=2022.json in Resources */,
				FC5625802801703100DF003A /* PrizeList:id=0,year=2021.json in Resources */,
				FCC2C93628015BBF0098B865 /* Detail.storyboard in Resources */,
			);
			runOnlyForDeploymentPostprocessing = 0;
		};
/* End PBXResourcesBuildPhase section */

/* Begin PBXShellScriptBuildPhase section */
		67A6CDC7AACF264C744E1B8B /* [CP] Embed Pods Frameworks */ = {
			isa = PBXShellScriptBuildPhase;
			buildActionMask = 2147483647;
			files = (
			);
			inputFileListPaths = (
				"${PODS_ROOT}/Target Support Files/Pods-SCON_iOS/Pods-SCON_iOS-frameworks-${CONFIGURATION}-input-files.xcfilelist",
			);
			name = "[CP] Embed Pods Frameworks";
			outputFileListPaths = (
				"${PODS_ROOT}/Target Support Files/Pods-SCON_iOS/Pods-SCON_iOS-frameworks-${CONFIGURATION}-output-files.xcfilelist",
			);
			runOnlyForDeploymentPostprocessing = 0;
			shellPath = /bin/sh;
			shellScript = "\"${PODS_ROOT}/Target Support Files/Pods-SCON_iOS/Pods-SCON_iOS-frameworks.sh\"\n";
			showEnvVarsInLog = 0;
		};
		F71C705FFCD53E1A718860A4 /* [CP] Check Pods Manifest.lock */ = {
			isa = PBXShellScriptBuildPhase;
			buildActionMask = 2147483647;
			files = (
			);
			inputFileListPaths = (
			);
			inputPaths = (
				"${PODS_PODFILE_DIR_PATH}/Podfile.lock",
				"${PODS_ROOT}/Manifest.lock",
			);
			name = "[CP] Check Pods Manifest.lock";
			outputFileListPaths = (
			);
			outputPaths = (
				"$(DERIVED_FILE_DIR)/Pods-SCON_iOS-checkManifestLockResult.txt",
			);
			runOnlyForDeploymentPostprocessing = 0;
			shellPath = /bin/sh;
			shellScript = "diff \"${PODS_PODFILE_DIR_PATH}/Podfile.lock\" \"${PODS_ROOT}/Manifest.lock\" > /dev/null\nif [ $? != 0 ] ; then\n    # print error to STDERR\n    echo \"error: The sandbox is not in sync with the Podfile.lock. Run 'pod install' or update your CocoaPods installation.\" >&2\n    exit 1\nfi\n# This output is used by Xcode 'outputs' to avoid re-running this script phase.\necho \"SUCCESS\" > \"${SCRIPT_OUTPUT_FILE_0}\"\n";
			showEnvVarsInLog = 0;
		};
/* End PBXShellScriptBuildPhase section */

/* Begin PBXSourcesBuildPhase section */
		6C143CD527E5A95700E833DE /* Sources */ = {
			isa = PBXSourcesBuildPhase;
			buildActionMask = 2147483647;
			files = (
				FCC2C93A28015BBF0098B865 /* LoginViewController.swift in Sources */,
				FCC2C93128015BBF0098B865 /* HeaderCollectionReusableView.swift in Sources */,
				FCC2C93028015BBF0098B865 /* WorkCollectionViewCell.swift in Sources */,
				FCC2C92D28015BBF0098B865 /* Cate2020ViewController.swift in Sources */,
				6C7C1C5C2802F14400658058 /* ContestList.swift in Sources */,
				FCC2C93728015BBF0098B865 /* DetailViewController.swift in Sources */,
				FCC2C93B28015BBF0098B865 /* SceneDelegate.swift in Sources */,
				FCC2C93528015BBF0098B865 /* DetailData.swift in Sources */,
				FCC2C93328015BBF0098B865 /* WebViewController.swift in Sources */,
				FCC2C92C28015BBF0098B865 /* Cate2021ViewController.swift in Sources */,
				FC56256A2801685700DF003A /* APIKit.swift in Sources */,
				FCC2C92828015BBF0098B865 /* ContestData.swift in Sources */,
				FCC2C92F28015BBF0098B865 /* Cate2019ViewController.swift in Sources */,
				FCC2C92B28015BBF0098B865 /* MainTableViewCell.swift in Sources */,
				FCC2C94628015BBF0098B865 /* Extenstion.swift in Sources */,
				FCC2C93828015BBF0098B865 /* EmailLoginViewController.swift in Sources */,
				FCC2C93228015BBF0098B865 /* CategoryViewController.swift in Sources */,
				6C7C1C592802F09A00658058 /* ContestYear.swift in Sources */,
				FCC2C94828015BBF0098B865 /* AppDelegate.swift in Sources */,
				FCC2C92928015BBF0098B865 /* HomeViewController.swift in Sources */,
			);
			runOnlyForDeploymentPostprocessing = 0;
		};
/* End PBXSourcesBuildPhase section */

/* Begin PBXVariantGroup section */
		FCC2C90028015BBF0098B865 /* Home.storyboard */ = {
			isa = PBXVariantGroup;
			children = (
				FCC2C90128015BBF0098B865 /* Base */,
			);
			name = Home.storyboard;
			sourceTree = "<group>";
		};
		FCC2C91E28015BBF0098B865 /* LaunchScreen.storyboard */ = {
			isa = PBXVariantGroup;
			children = (
				FCC2C91F28015BBF0098B865 /* Base */,
			);
			name = LaunchScreen.storyboard;
			sourceTree = "<group>";
		};
/* End PBXVariantGroup section */

/* Begin XCBuildConfiguration section */
		6C143CEB27E5A95900E833DE /* Debug */ = {
			isa = XCBuildConfiguration;
			buildSettings = {
				ALWAYS_SEARCH_USER_PATHS = NO;
				CLANG_ANALYZER_NONNULL = YES;
				CLANG_ANALYZER_NUMBER_OBJECT_CONVERSION = YES_AGGRESSIVE;
				CLANG_CXX_LANGUAGE_STANDARD = "gnu++17";
				CLANG_ENABLE_MODULES = YES;
				CLANG_ENABLE_OBJC_ARC = YES;
				CLANG_ENABLE_OBJC_WEAK = YES;
				CLANG_WARN_BLOCK_CAPTURE_AUTORELEASING = YES;
				CLANG_WARN_BOOL_CONVERSION = YES;
				CLANG_WARN_COMMA = YES;
				CLANG_WARN_CONSTANT_CONVERSION = YES;
				CLANG_WARN_DEPRECATED_OBJC_IMPLEMENTATIONS = YES;
				CLANG_WARN_DIRECT_OBJC_ISA_USAGE = YES_ERROR;
				CLANG_WARN_DOCUMENTATION_COMMENTS = YES;
				CLANG_WARN_EMPTY_BODY = YES;
				CLANG_WARN_ENUM_CONVERSION = YES;
				CLANG_WARN_INFINITE_RECURSION = YES;
				CLANG_WARN_INT_CONVERSION = YES;
				CLANG_WARN_NON_LITERAL_NULL_CONVERSION = YES;
				CLANG_WARN_OBJC_IMPLICIT_RETAIN_SELF = YES;
				CLANG_WARN_OBJC_LITERAL_CONVERSION = YES;
				CLANG_WARN_OBJC_ROOT_CLASS = YES_ERROR;
				CLANG_WARN_QUOTED_INCLUDE_IN_FRAMEWORK_HEADER = YES;
				CLANG_WARN_RANGE_LOOP_ANALYSIS = YES;
				CLANG_WARN_STRICT_PROTOTYPES = YES;
				CLANG_WARN_SUSPICIOUS_MOVE = YES;
				CLANG_WARN_UNGUARDED_AVAILABILITY = YES_AGGRESSIVE;
				CLANG_WARN_UNREACHABLE_CODE = YES;
				CLANG_WARN__DUPLICATE_METHOD_MATCH = YES;
				COPY_PHASE_STRIP = NO;
				DEBUG_INFORMATION_FORMAT = dwarf;
				ENABLE_STRICT_OBJC_MSGSEND = YES;
				ENABLE_TESTABILITY = YES;
				GCC_C_LANGUAGE_STANDARD = gnu11;
				GCC_DYNAMIC_NO_PIC = NO;
				GCC_NO_COMMON_BLOCKS = YES;
				GCC_OPTIMIZATION_LEVEL = 0;
				GCC_PREPROCESSOR_DEFINITIONS = (
					"DEBUG=1",
					"$(inherited)",
				);
				GCC_WARN_64_TO_32_BIT_CONVERSION = YES;
				GCC_WARN_ABOUT_RETURN_TYPE = YES_ERROR;
				GCC_WARN_UNDECLARED_SELECTOR = YES;
				GCC_WARN_UNINITIALIZED_AUTOS = YES_AGGRESSIVE;
				GCC_WARN_UNUSED_FUNCTION = YES;
				GCC_WARN_UNUSED_VARIABLE = YES;
				IPHONEOS_DEPLOYMENT_TARGET = 13.0;
				MTL_ENABLE_DEBUG_INFO = INCLUDE_SOURCE;
				MTL_FAST_MATH = YES;
				ONLY_ACTIVE_ARCH = YES;
				SDKROOT = iphoneos;
				SWIFT_ACTIVE_COMPILATION_CONDITIONS = DEBUG;
				SWIFT_OPTIMIZATION_LEVEL = "-Onone";
			};
			name = Debug;
		};
		6C143CEC27E5A95900E833DE /* Release */ = {
			isa = XCBuildConfiguration;
			buildSettings = {
				ALWAYS_SEARCH_USER_PATHS = NO;
				CLANG_ANALYZER_NONNULL = YES;
				CLANG_ANALYZER_NUMBER_OBJECT_CONVERSION = YES_AGGRESSIVE;
				CLANG_CXX_LANGUAGE_STANDARD = "gnu++17";
				CLANG_ENABLE_MODULES = YES;
				CLANG_ENABLE_OBJC_ARC = YES;
				CLANG_ENABLE_OBJC_WEAK = YES;
				CLANG_WARN_BLOCK_CAPTURE_AUTORELEASING = YES;
				CLANG_WARN_BOOL_CONVERSION = YES;
				CLANG_WARN_COMMA = YES;
				CLANG_WARN_CONSTANT_CONVERSION = YES;
				CLANG_WARN_DEPRECATED_OBJC_IMPLEMENTATIONS = YES;
				CLANG_WARN_DIRECT_OBJC_ISA_USAGE = YES_ERROR;
				CLANG_WARN_DOCUMENTATION_COMMENTS = YES;
				CLANG_WARN_EMPTY_BODY = YES;
				CLANG_WARN_ENUM_CONVERSION = YES;
				CLANG_WARN_INFINITE_RECURSION = YES;
				CLANG_WARN_INT_CONVERSION = YES;
				CLANG_WARN_NON_LITERAL_NULL_CONVERSION = YES;
				CLANG_WARN_OBJC_IMPLICIT_RETAIN_SELF = YES;
				CLANG_WARN_OBJC_LITERAL_CONVERSION = YES;
				CLANG_WARN_OBJC_ROOT_CLASS = YES_ERROR;
				CLANG_WARN_QUOTED_INCLUDE_IN_FRAMEWORK_HEADER = YES;
				CLANG_WARN_RANGE_LOOP_ANALYSIS = YES;
				CLANG_WARN_STRICT_PROTOTYPES = YES;
				CLANG_WARN_SUSPICIOUS_MOVE = YES;
				CLANG_WARN_UNGUARDED_AVAILABILITY = YES_AGGRESSIVE;
				CLANG_WARN_UNREACHABLE_CODE = YES;
				CLANG_WARN__DUPLICATE_METHOD_MATCH = YES;
				COPY_PHASE_STRIP = NO;
				DEBUG_INFORMATION_FORMAT = "dwarf-with-dsym";
				ENABLE_NS_ASSERTIONS = NO;
				ENABLE_STRICT_OBJC_MSGSEND = YES;
				GCC_C_LANGUAGE_STANDARD = gnu11;
				GCC_NO_COMMON_BLOCKS = YES;
				GCC_WARN_64_TO_32_BIT_CONVERSION = YES;
				GCC_WARN_ABOUT_RETURN_TYPE = YES_ERROR;
				GCC_WARN_UNDECLARED_SELECTOR = YES;
				GCC_WARN_UNINITIALIZED_AUTOS = YES_AGGRESSIVE;
				GCC_WARN_UNUSED_FUNCTION = YES;
				GCC_WARN_UNUSED_VARIABLE = YES;
				IPHONEOS_DEPLOYMENT_TARGET = 13.0;
				MTL_ENABLE_DEBUG_INFO = NO;
				MTL_FAST_MATH = YES;
				SDKROOT = iphoneos;
				SWIFT_COMPILATION_MODE = wholemodule;
				SWIFT_OPTIMIZATION_LEVEL = "-O";
				VALIDATE_PRODUCT = YES;
			};
			name = Release;
		};
		6C143CEE27E5A95900E833DE /* Debug */ = {
			isa = XCBuildConfiguration;
			baseConfigurationReference = 40627B008D498A279F1F88AE /* Pods-SCON_iOS.debug.xcconfig */;
			buildSettings = {
				ASSETCATALOG_COMPILER_APPICON_NAME = AppIcon;
				ASSETCATALOG_COMPILER_GLOBAL_ACCENT_COLOR_NAME = AccentColor;
				CLANG_ENABLE_MODULES = YES;
				CODE_SIGN_STYLE = Automatic;
				CURRENT_PROJECT_VERSION = 1;
				DEVELOPMENT_TEAM = TLRL588DB6;
				GENERATE_INFOPLIST_FILE = YES;
				INFOPLIST_FILE = SCON_iOS/SupportFiles/Info.plist;
				INFOPLIST_KEY_UIApplicationSupportsIndirectInputEvents = YES;
				INFOPLIST_KEY_UILaunchStoryboardName = LaunchScreen;
				INFOPLIST_KEY_UIMainStoryboardFile = Home;
				INFOPLIST_KEY_UISupportedInterfaceOrientations_iPad = "UIInterfaceOrientationPortrait UIInterfaceOrientationPortraitUpsideDown UIInterfaceOrientationLandscapeLeft UIInterfaceOrientationLandscapeRight";
				INFOPLIST_KEY_UISupportedInterfaceOrientations_iPhone = "UIInterfaceOrientationPortrait UIInterfaceOrientationLandscapeLeft UIInterfaceOrientationLandscapeRight";
				IPHONEOS_DEPLOYMENT_TARGET = 13.0;
				LD_RUNPATH_SEARCH_PATHS = (
					"$(inherited)",
					"@executable_path/Frameworks",
				);
				MARKETING_VERSION = 1.0;
				PRODUCT_BUNDLE_IDENTIFIER = "Julia.SCON-iOS";
				PRODUCT_NAME = "$(TARGET_NAME)";
				SWIFT_EMIT_LOC_STRINGS = YES;
				SWIFT_OPTIMIZATION_LEVEL = "-Onone";
				SWIFT_VERSION = 5.0;
				TARGETED_DEVICE_FAMILY = "1,2";
			};
			name = Debug;
		};
		6C143CEF27E5A95900E833DE /* Release */ = {
			isa = XCBuildConfiguration;
			baseConfigurationReference = 7E49E59B0A8C5CC6826F98DD /* Pods-SCON_iOS.release.xcconfig */;
			buildSettings = {
				ASSETCATALOG_COMPILER_APPICON_NAME = AppIcon;
				ASSETCATALOG_COMPILER_GLOBAL_ACCENT_COLOR_NAME = AccentColor;
				CLANG_ENABLE_MODULES = YES;
				CODE_SIGN_STYLE = Automatic;
				CURRENT_PROJECT_VERSION = 1;
				DEVELOPMENT_TEAM = TLRL588DB6;
				GENERATE_INFOPLIST_FILE = YES;
				INFOPLIST_FILE = SCON_iOS/SupportFiles/Info.plist;
				INFOPLIST_KEY_UIApplicationSupportsIndirectInputEvents = YES;
				INFOPLIST_KEY_UILaunchStoryboardName = LaunchScreen;
				INFOPLIST_KEY_UIMainStoryboardFile = Home;
				INFOPLIST_KEY_UISupportedInterfaceOrientations_iPad = "UIInterfaceOrientationPortrait UIInterfaceOrientationPortraitUpsideDown UIInterfaceOrientationLandscapeLeft UIInterfaceOrientationLandscapeRight";
				INFOPLIST_KEY_UISupportedInterfaceOrientations_iPhone = "UIInterfaceOrientationPortrait UIInterfaceOrientationLandscapeLeft UIInterfaceOrientationLandscapeRight";
				IPHONEOS_DEPLOYMENT_TARGET = 13.0;
				LD_RUNPATH_SEARCH_PATHS = (
					"$(inherited)",
					"@executable_path/Frameworks",
				);
				MARKETING_VERSION = 1.0;
				PRODUCT_BUNDLE_IDENTIFIER = "Julia.SCON-iOS";
				PRODUCT_NAME = "$(TARGET_NAME)";
				SWIFT_EMIT_LOC_STRINGS = YES;
				SWIFT_VERSION = 5.0;
				TARGETED_DEVICE_FAMILY = "1,2";
			};
			name = Release;
		};
/* End XCBuildConfiguration section */

/* Begin XCConfigurationList section */
		6C143CD427E5A95700E833DE /* Build configuration list for PBXProject "SCON_iOS" */ = {
			isa = XCConfigurationList;
			buildConfigurations = (
				6C143CEB27E5A95900E833DE /* Debug */,
				6C143CEC27E5A95900E833DE /* Release */,
			);
			defaultConfigurationIsVisible = 0;
			defaultConfigurationName = Release;
		};
		6C143CED27E5A95900E833DE /* Build configuration list for PBXNativeTarget "SCON_iOS" */ = {
			isa = XCConfigurationList;
			buildConfigurations = (
				6C143CEE27E5A95900E833DE /* Debug */,
				6C143CEF27E5A95900E833DE /* Release */,
			);
			defaultConfigurationIsVisible = 0;
			defaultConfigurationName = Release;
		};
/* End XCConfigurationList section */
	};
	rootObject = 6C143CD127E5A95700E833DE /* Project object */;
}
